
Microsoft Visual Studio Solution File, Format Version 12.00
# Visual Studio Version 17
VisualStudioVersion = 17.13.35913.81
MinimumVisualStudioVersion = 10.0.40219.1
Project("{FAE04EC0-301F-11D3-BF4B-00C04F79EFBC}") = "IbeAppWeb", "IbeAppWeb\IbeAppWeb.csproj", "{CA399536-8E48-4CCA-8588-DE69E2BEF1B1}"
EndProject
Global
	GlobalSection(SolutionConfigurationPlatforms) = preSolution
		Debug|Any CPU = Debug|Any CPU
		Release|Any CPU = Release|Any CPU
	EndGlobalSection
	GlobalSection(ProjectConfigurationPlatforms) = postSolution
		{CA399536-8E48-4CCA-8588-DE69E2BEF1B1}.Debug|Any CPU.ActiveCfg = Release|Any CPU
		{CA399536-8E48-4CCA-8588-DE69E2BEF1B1}.Debug|Any CPU.Build.0 = Release|Any CPU
		{CA399536-8E48-4CCA-8588-DE69E2BEF1B1}.Release|Any CPU.ActiveCfg = Release|Any CPU
		{CA399536-8E48-4CCA-8588-DE69E2BEF1B1}.Release|Any CPU.Build.0 = Release|Any CPU
	EndGlobalSection
	GlobalSection(SolutionProperties) = preSolution
		HideSolutionNode = FALSE
	EndGlobalSection
	GlobalSection(ExtensibilityGlobals) = postSolution
		SolutionGuid = {E5BB76BA-C6B3-4B31-80A9-7A8E2C91044F}
	EndGlobalSection
EndGlobal
